// !$*UTF8*$!
{
	archiveVersion = 1;
	classes = {
	};
	objectVersion = 46;
	objects = {

/* Begin PBXBuildFile section */
		8078982B1C4FECCB00349206 /* AppDelegate.swift in Sources */ = {isa = PBXBuildFile; fileRef = 8078982A1C4FECCB00349206 /* AppDelegate.swift */; };
		8078982D1C4FECCB00349206 /* ViewController.swift in Sources */ = {isa = PBXBuildFile; fileRef = 8078982C1C4FECCB00349206 /* ViewController.swift */; };
		807898301C4FECCB00349206 /* Main.storyboard in Resources */ = {isa = PBXBuildFile; fileRef = 8078982E1C4FECCB00349206 /* Main.storyboard */; };
		807898321C4FECCB00349206 /* Assets.xcassets in Resources */ = {isa = PBXBuildFile; fileRef = 807898311C4FECCB00349206 /* Assets.xcassets */; };
		807898351C4FECCB00349206 /* LaunchScreen.storyboard in Resources */ = {isa = PBXBuildFile; fileRef = 807898331C4FECCB00349206 /* LaunchScreen.storyboard */; };
		8078983D1C5001D100349206 /* DragImg.swift in Sources */ = {isa = PBXBuildFile; fileRef = 8078983C1C5001D100349206 /* DragImg.swift */; };
		8078983F1C500AF700349206 /* MonsterImg.swift in Sources */ = {isa = PBXBuildFile; fileRef = 8078983E1C500AF700349206 /* MonsterImg.swift */; };
		807898451C50AEC700349206 /* bite.wav in Resources */ = {isa = PBXBuildFile; fileRef = 807898401C50AEC700349206 /* bite.wav */; };
		807898461C50AEC700349206 /* cave-music.mp3 in Resources */ = {isa = PBXBuildFile; fileRef = 807898411C50AEC700349206 /* cave-music.mp3 */; };
		807898471C50AEC700349206 /* death.wav in Resources */ = {isa = PBXBuildFile; fileRef = 807898421C50AEC700349206 /* death.wav */; };
		807898481C50AEC700349206 /* heart.wav in Resources */ = {isa = PBXBuildFile; fileRef = 807898431C50AEC700349206 /* heart.wav */; };
		807898491C50AEC700349206 /* skull.wav in Resources */ = {isa = PBXBuildFile; fileRef = 807898441C50AEC700349206 /* skull.wav */; };
/* End PBXBuildFile section */

/* Begin PBXFileReference section */
		807898271C4FECCB00349206 /* myLittleMonster.app */ = {isa = PBXFileReference; explicitFileType = wrapper.application; includeInIndex = 0; path = myLittleMonster.app; sourceTree = BUILT_PRODUCTS_DIR; };
		8078982A1C4FECCB00349206 /* AppDelegate.swift */ = {isa = PBXFileReference; lastKnownFileType = sourcecode.swift; path = AppDelegate.swift; sourceTree = "<group>"; };
		8078982C1C4FECCB00349206 /* ViewController.swift */ = {isa = PBXFileReference; lastKnownFileType = sourcecode.swift; path = ViewController.swift; sourceTree = "<group>"; };
		8078982F1C4FECCB00349206 /* Base */ = {isa = PBXFileReference; lastKnownFileType = file.storyboard; name = Base; path = Base.lproj/Main.storyboard; sourceTree = "<group>"; };
		807898311C4FECCB00349206 /* Assets.xcassets */ = {isa = PBXFileReference; lastKnownFileType = folder.assetcatalog; path = Assets.xcassets; sourceTree = "<group>"; };
		807898341C4FECCB00349206 /* Base */ = {isa = PBXFileReference; lastKnownFileType = file.storyboard; name = Base; path = Base.lproj/LaunchScreen.storyboard; sourceTree = "<group>"; };
		807898361C4FECCB00349206 /* Info.plist */ = {isa = PBXFileReference; lastKnownFileType = text.plist.xml; path = Info.plist; sourceTree = "<group>"; };
		8078983C1C5001D100349206 /* DragImg.swift */ = {isa = PBXFileReference; fileEncoding = 4; lastKnownFileType = sourcecode.swift; path = DragImg.swift; sourceTree = "<group>"; };
		8078983E1C500AF700349206 /* MonsterImg.swift */ = {isa = PBXFileReference; fileEncoding = 4; lastKnownFileType = sourcecode.swift; path = MonsterImg.swift; sourceTree = "<group>"; };
		807898401C50AEC700349206 /* bite.wav */ = {isa = PBXFileReference; lastKnownFileType = audio.wav; path = bite.wav; sourceTree = "<group>"; };
		807898411C50AEC700349206 /* cave-music.mp3 */ = {isa = PBXFileReference; lastKnownFileType = audio.mp3; path = "cave-music.mp3"; sourceTree = "<group>"; };
		807898421C50AEC700349206 /* death.wav */ = {isa = PBXFileReference; lastKnownFileType = audio.wav; path = death.wav; sourceTree = "<group>"; };
		807898431C50AEC700349206 /* heart.wav */ = {isa = PBXFileReference; lastKnownFileType = audio.wav; path = heart.wav; sourceTree = "<group>"; };
		807898441C50AEC700349206 /* skull.wav */ = {isa = PBXFileReference; lastKnownFileType = audio.wav; path = skull.wav; sourceTree = "<group>"; };
/* End PBXFileReference section */

/* Begin PBXFrameworksBuildPhase section */
		807898241C4FECCB00349206 /* Frameworks */ = {
			isa = PBXFrameworksBuildPhase;
			buildActionMask = 2147483647;
			files = (
			);
			runOnlyForDeploymentPostprocessing = 0;
		};
/* End PBXFrameworksBuildPhase section */

/* Begin PBXGroup section */
		8078981E1C4FECCB00349206 = {
			isa = PBXGroup;
			children = (
				807898291C4FECCB00349206 /* myLittleMonster */,
				807898281C4FECCB00349206 /* Products */,
			);
			sourceTree = "<group>";
		};
		807898281C4FECCB00349206 /* Products */ = {
			isa = PBXGroup;
			children = (
				807898271C4FECCB00349206 /* myLittleMonster.app */,
			);
			name = Products;
			sourceTree = "<group>";
		};
		807898291C4FECCB00349206 /* myLittleMonster */ = {
			isa = PBXGroup;
			children = (
				807898401C50AEC700349206 /* bite.wav */,
				807898411C50AEC700349206 /* cave-music.mp3 */,
				807898421C50AEC700349206 /* death.wav */,
				807898431C50AEC700349206 /* heart.wav */,
				807898441C50AEC700349206 /* skull.wav */,
				8078982A1C4FECCB00349206 /* AppDelegate.swift */,
				8078982C1C4FECCB00349206 /* ViewController.swift */,
				8078982E1C4FECCB00349206 /* Main.storyboard */,
				807898311C4FECCB00349206 /* Assets.xcassets */,
				807898331C4FECCB00349206 /* LaunchScreen.storyboard */,
				807898361C4FECCB00349206 /* Info.plist */,
				8078983C1C5001D100349206 /* DragImg.swift */,
				8078983E1C500AF700349206 /* MonsterImg.swift */,
			);
			path = myLittleMonster;
			sourceTree = "<group>";
		};
/* End PBXGroup section */

/* Begin PBXNativeTarget section */
		807898261C4FECCB00349206 /* myLittleMonster */ = {
			isa = PBXNativeTarget;
			buildConfigurationList = 807898391C4FECCB00349206 /* Build configuration list for PBXNativeTarget "myLittleMonster" */;
			buildPhases = (
				807898231C4FECCB00349206 /* Sources */,
				807898241C4FECCB00349206 /* Frameworks */,
				807898251C4FECCB00349206 /* Resources */,
			);
			buildRules = (
			);
			dependencies = (
			);
			name = myLittleMonster;
			productName = myLittleMonster;
			productReference = 807898271C4FECCB00349206 /* myLittleMonster.app */;
			productType = "com.apple.product-type.application";
		};
/* End PBXNativeTarget section */

/* Begin PBXProject section */
		8078981F1C4FECCB00349206 /* Project object */ = {
			isa = PBXProject;
			attributes = {
				LastSwiftUpdateCheck = 0720;
				LastUpgradeCheck = 0720;
				ORGANIZATIONNAME = "Abraham Sidabutar";
				TargetAttributes = {
					807898261C4FECCB00349206 = {
						CreatedOnToolsVersion = 7.2;
					};
				};
			};
			buildConfigurationList = 807898221C4FECCB00349206 /* Build configuration list for PBXProject "myLittleMonster" */;
			compatibilityVersion = "Xcode 3.2";
			developmentRegion = English;
			hasScannedForEncodings = 0;
			knownRegions = (
				en,
				Base,
			);
			mainGroup = 8078981E1C4FECCB00349206;
			productRefGroup = 807898281C4FECCB00349206 /* Products */;
			projectDirPath = "";
			projectRoot = "";
			targets = (
				807898261C4FECCB00349206 /* myLittleMonster */,
			);
		};
/* End PBXProject section */

/* Begin PBXResourcesBuildPhase section */
		807898251C4FECCB00349206 /* Resources */ = {
			isa = PBXResourcesBuildPhase;
			buildActionMask = 2147483647;
			files = (
				807898491C50AEC700349206 /* skull.wav in Resources */,
				807898451C50AEC700349206 /* bite.wav in Resources */,
				807898471C50AEC700349206 /* death.wav in Resources */,
				807898481C50AEC700349206 /* heart.wav in Resources */,
				807898461C50AEC700349206 /* cave-music.mp3 in Resources */,
				807898351C4FECCB00349206 /* LaunchScreen.storyboard in Resources */,
				807898321C4FECCB00349206 /* Assets.xcassets in Resources */,
				807898301C4FECCB00349206 /* Main.storyboard in Resources */,
			);
			runOnlyForDeploymentPostprocessing = 0;
		};
/* End PBXResourcesBuildPhase section */

/* Begin PBXSourcesBuildPhase section */
		807898231C4FECCB00349206 /* Sources */ = {
			isa = PBXSourcesBuildPhase;
			buildActionMask = 2147483647;
			files = (
				8078983F1C500AF700349206 /* MonsterImg.swift in Sources */,
				8078983D1C5001D100349206 /* DragImg.swift in Sources */,
				8078982D1C4FECCB00349206 /* ViewController.swift in Sources */,
				8078982B1C4FECCB00349206 /* AppDelegate.swift in Sources */,
			);
			runOnlyForDeploymentPostprocessing = 0;
		};
/* End PBXSourcesBuildPhase section */

/* Begin PBXVariantGroup section */
		8078982E1C4FECCB00349206 /* Main.storyboard */ = {
			isa = PBXVariantGroup;
			children = (
				8078982F1C4FECCB00349206 /* Base */,
			);
			name = Main.storyboard;
			sourceTree = "<group>";
		};
		807898331C4FECCB00349206 /* LaunchScreen.storyboard */ = {
			isa = PBXVariantGroup;
			children = (
				807898341C4FECCB00349206 /* Base */,
			);
			name = LaunchScreen.storyboard;
			sourceTree = "<group>";
		};
/* End PBXVariantGroup section */

/* Begin XCBuildConfiguration section */
		807898371C4FECCB00349206 /* Debug */ = {
			isa = XCBuildConfiguration;
			buildSettings = {
				ALWAYS_SEARCH_USER_PATHS = NO;
				CLANG_CXX_LANGUAGE_STANDARD = "gnu++0x";
				CLANG_CXX_LIBRARY = "libc++";
				CLANG_ENABLE_MODULES = YES;
				CLANG_ENABLE_OBJC_ARC = YES;
				CLANG_WARN_BOOL_CONVERSION = YES;
				CLANG_WARN_CONSTANT_CONVERSION = YES;
				CLANG_WARN_DIRECT_OBJC_ISA_USAGE = YES_ERROR;
				CLANG_WARN_EMPTY_BODY = YES;
				CLANG_WARN_ENUM_CONVERSION = YES;
				CLANG_WARN_INT_CONVERSION = YES;
				CLANG_WARN_OBJC_ROOT_CLASS = YES_ERROR;
				CLANG_WARN_UNREACHABLE_CODE = YES;
				CLANG_WARN__DUPLICATE_METHOD_MATCH = YES;
				"CODE_SIGN_IDENTITY[sdk=iphoneos*]" = "iPhone Developer";
				COPY_PHASE_STRIP = NO;
				DEBUG_INFORMATION_FORMAT = dwarf;
				ENABLE_STRICT_OBJC_MSGSEND = YES;
				ENABLE_TESTABILITY = YES;
				GCC_C_LANGUAGE_STANDARD = gnu99;
				GCC_DYNAMIC_NO_PIC = NO;
				GCC_NO_COMMON_BLOCKS = YES;
				GCC_OPTIMIZATION_LEVEL = 0;
				GCC_PREPROCESSOR_DEFINITIONS = (
					"DEBUG=1",
					"$(inherited)",
				);
				GCC_WARN_64_TO_32_BIT_CONVERSION = YES;
				GCC_WARN_ABOUT_RETURN_TYPE = YES_ERROR;
				GCC_WARN_UNDECLARED_SELECTOR = YES;
				GCC_WARN_UNINITIALIZED_AUTOS = YES_AGGRESSIVE;
				GCC_WARN_UNUSED_FUNCTION = YES;
				GCC_WARN_UNUSED_VARIABLE = YES;
				IPHONEOS_DEPLOYMENT_TARGET = 9.2;
				MTL_ENABLE_DEBUG_INFO = YES;
				ONLY_ACTIVE_ARCH = YES;
				SDKROOT = iphoneos;
				SWIFT_OPTIMIZATION_LEVEL = "-Onone";
				TARGETED_DEVICE_FAMILY = "1,2";
			};
			name = Debug;
		};
		807898381C4FECCB00349206 /* Release */ = {
			isa = XCBuildConfiguration;
			buildSettings = {
				ALWAYS_SEARCH_USER_PATHS = NO;
				CLANG_CXX_LANGUAGE_STANDARD = "gnu++0x";
				CLANG_CXX_LIBRARY = "libc++";
				CLANG_ENABLE_MODULES = YES;
				CLANG_ENABLE_OBJC_ARC = YES;
				CLANG_WARN_BOOL_CONVERSION = YES;
				CLANG_WARN_CONSTANT_CONVERSION = YES;
				CLANG_WARN_DIRECT_OBJC_ISA_USAGE = YES_ERROR;
				CLANG_WARN_EMPTY_BODY = YES;
				CLANG_WARN_ENUM_CONVERSION = YES;
				CLANG_WARN_INT_CONVERSION = YES;
				CLANG_WARN_OBJC_ROOT_CLASS = YES_ERROR;
				CLANG_WARN_UNREACHABLE_CODE = YES;
				CLANG_WARN__DUPLICATE_METHOD_MATCH = YES;
				"CODE_SIGN_IDENTITY[sdk=iphoneos*]" = "iPhone Developer";
				COPY_PHASE_STRIP = NO;
				DEBUG_INFORMATION_FORMAT = "dwarf-with-dsym";
				ENABLE_NS_ASSERTIONS = NO;
				ENABLE_STRICT_OBJC_MSGSEND = YES;
				GCC_C_LANGUAGE_STANDARD = gnu99;
				GCC_NO_COMMON_BLOCKS = YES;
				GCC_WARN_64_TO_32_BIT_CONVERSION = YES;
				GCC_WARN_ABOUT_RETURN_TYPE = YES_ERROR;
				GCC_WARN_UNDECLARED_SELECTOR = YES;
				GCC_WARN_UNINITIALIZED_AUTOS = YES_AGGRESSIVE;
				GCC_WARN_UNUSED_FUNCTION = YES;
				GCC_WARN_UNUSED_VARIABLE = YES;
				IPHONEOS_DEPLOYMENT_TARGET = 9.2;
				MTL_ENABLE_DEBUG_INFO = NO;
				SDKROOT = iphoneos;
				TARGETED_DEVICE_FAMILY = "1,2";
				VALIDATE_PRODUCT = YES;
			};
			name = Release;
		};
		8078983A1C4FECCB00349206 /* Debug */ = {
			isa = XCBuildConfiguration;
			buildSettings = {
				ASSETCATALOG_COMPILER_APPICON_NAME = AppIcon;
				INFOPLIST_FILE = myLittleMonster/Info.plist;
				LD_RUNPATH_SEARCH_PATHS = "$(inherited) @executable_path/Frameworks";
				PRODUCT_BUNDLE_IDENTIFIER = self.edu.myLittleMonster;
				PRODUCT_NAME = "$(TARGET_NAME)";
			};
			name = Debug;
		};
		8078983B1C4FECCB00349206 /* Release */ = {
			isa = XCBuildConfiguration;
			buildSettings = {
				ASSETCATALOG_COMPILER_APPICON_NAME = AppIcon;
				INFOPLIST_FILE = myLittleMonster/Info.plist;
				LD_RUNPATH_SEARCH_PATHS = "$(inherited) @executable_path/Frameworks";
				PRODUCT_BUNDLE_IDENTIFIER = self.edu.myLittleMonster;
				PRODUCT_NAME = "$(TARGET_NAME)";
			};
			name = Release;
		};
/* End XCBuildConfiguration section */

/* Begin XCConfigurationList section */
		807898221C4FECCB00349206 /* Build configuration list for PBXProject "myLittleMonster" */ = {
			isa = XCConfigurationList;
			buildConfigurations = (
				807898371C4FECCB00349206 /* Debug */,
				807898381C4FECCB00349206 /* Release */,
			);
			defaultConfigurationIsVisible = 0;
			defaultConfigurationName = Release;
		};
		807898391C4FECCB00349206 /* Build configuration list for PBXNativeTarget "myLittleMonster" */ = {
			isa = XCConfigurationList;
			buildConfigurations = (
				8078983A1C4FECCB00349206 /* Debug */,
				8078983B1C4FECCB00349206 /* Release */,
			);
			defaultConfigurationIsVisible = 0;
		};
/* End XCConfigurationList section */
	};
	rootObject = 8078981F1C4FECCB00349206 /* Project object */;
}
